{
  "requires": true,
  "lockfileVersion": 1,
  "dependencies": {
    "textblock": {
      "version": "0.12.3",
      "resolved": "https://registry.npmjs.org/textblock/-/textblock-0.12.3.tgz",
      "integrity": "sha512-UhgrqmaiQoJ5K26eY4H0zLZ2EhW5oKa4JnzXHqZk6sfLRJoQyCg7buVl+XJfBVr+uWyeaqfCyFFLxpKWB/i+bA=="
    }
  }
}
